# This file is automatically @generated by Cargo.
# It is not intended for manual editing.
version = 3

[[package]]
name = "adler32"
version = "1.0.4"
source = "registry+https://github.com/rust-lang/crates.io-index"
checksum = "5d2e7343e7fc9de883d1b0341e0b13970f764c14101234857d2ddafa1cb1cac2"

[[package]]
name = "android_glue"
version = "0.2.3"
source = "registry+https://github.com/rust-lang/crates.io-index"
checksum = "000444226fcff248f2bc4c7625be32c63caccfecc2723a2b9f78a7487a49c407"

[[package]]
name = "arrayvec"
version = "0.4.11"
source = "registry+https://github.com/rust-lang/crates.io-index"
checksum = "b8d73f9beda665eaa98ab9e4f7442bd4e7de6652587de55b2525e52e29c1b0ba"
dependencies = [
 "nodrop",
]

[[package]]
name = "autocfg"
version = "0.1.6"
source = "registry+https://github.com/rust-lang/crates.io-index"
checksum = "b671c8fb71b457dd4ae18c4ba1e59aa81793daacc361d82fcd410cef0d491875"

[[package]]
name = "bitflags"
version = "1.2.0"
source = "registry+https://github.com/rust-lang/crates.io-index"
checksum = "8a606a02debe2813760609f57a64a2ffd27d9fdf5b2f133eaca0b248dd92cdd2"

[[package]]
name = "block"
version = "0.1.6"
source = "registry+https://github.com/rust-lang/crates.io-index"
checksum = "0d8c1fef690941d3e7788d328517591fecc684c084084702d6ff1641e993699a"

[[package]]
name = "byteorder"
version = "1.3.2"
source = "registry+https://github.com/rust-lang/crates.io-index"
checksum = "a7c3dd8985a7111efc5c80b44e23ecdd8c007de8ade3b96595387e812b957cf5"

[[package]]
name = "c2-chacha"
version = "0.2.2"
source = "registry+https://github.com/rust-lang/crates.io-index"
checksum = "7d64d04786e0f528460fc884753cf8dddcc466be308f6026f8e355c41a0e4101"
dependencies = [
 "lazy_static",
 "ppv-lite86",
]

[[package]]
name = "cc"
version = "1.0.45"
source = "registry+https://github.com/rust-lang/crates.io-index"
checksum = "4fc9a35e1f4290eb9e5fc54ba6cf40671ed2a2514c3eeb2b2a908dda2ea5a1be"

[[package]]
name = "cfg-if"
version = "0.1.10"
source = "registry+https://github.com/rust-lang/crates.io-index"
checksum = "4785bdd1c96b2a846b2bd7cc02e86b6b3dbf14e7e53446c4f54c92a361040822"

[[package]]
name = "cgl"
version = "0.2.3"
source = "registry+https://github.com/rust-lang/crates.io-index"
checksum = "55e7ec0b74fe5897894cbc207092c577e87c52f8a59e8ca8d97ef37551f60a49"
dependencies = [
 "gleam",
 "libc",
]

[[package]]
name = "cocoa"
version = "0.13.0"
source = "registry+https://github.com/rust-lang/crates.io-index"
checksum = "ac0d785ff4faf0ff23d7b5561346bb50dc7ef9a11cb0e65e07ef776b7752938f"
dependencies = [
 "bitflags",
 "block",
 "core-graphics 0.12.4",
 "libc",
 "objc",
]

[[package]]
name = "cocoa"
version = "0.14.0"
source = "registry+https://github.com/rust-lang/crates.io-index"
checksum = "b0c23085dde1ef4429df6e5896b89356d35cdd321fb43afe3e378d010bb5adc6"
dependencies = [
 "bitflags",
 "block",
 "core-graphics 0.13.0",
 "libc",
 "objc",
]

[[package]]
name = "color_quant"
version = "1.0.1"
source = "registry+https://github.com/rust-lang/crates.io-index"
checksum = "0dbbb57365263e881e805dc77d94697c9118fd94d8da011240555aa7b23445bd"

[[package]]
name = "core-foundation"
version = "0.4.6"
source = "registry+https://github.com/rust-lang/crates.io-index"
checksum = "8047f547cd6856d45b1cdd75ef8d2f21f3d0e4bf1dab0a0041b0ae9a5dda9c0e"
dependencies = [
 "core-foundation-sys 0.4.6",
 "libc",
]

[[package]]
name = "core-foundation"
version = "0.5.1"
source = "registry+https://github.com/rust-lang/crates.io-index"
checksum = "286e0b41c3a20da26536c6000a280585d519fd07b3956b43aed8a79e9edce980"
dependencies = [
 "core-foundation-sys 0.5.1",
 "libc",
]

[[package]]
name = "core-foundation-sys"
version = "0.4.6"
source = "registry+https://github.com/rust-lang/crates.io-index"
checksum = "152195421a2e6497a8179195672e9d4ee8e45ed8c465b626f1606d27a08ebcd5"
dependencies = [
 "libc",
]

[[package]]
name = "core-foundation-sys"
version = "0.5.1"
source = "registry+https://github.com/rust-lang/crates.io-index"
checksum = "716c271e8613ace48344f723b60b900a93150271e5be206212d052bbc0883efa"
dependencies = [
 "libc",
]

[[package]]
name = "core-graphics"
version = "0.12.4"
source = "registry+https://github.com/rust-lang/crates.io-index"
checksum = "8de78908c558a9ba526877d165635c9eaed0818a785a93efddde1c5bfd2ce5d1"
dependencies = [
 "bitflags",
 "core-foundation 0.4.6",
 "foreign-types",
 "libc",
]

[[package]]
name = "core-graphics"
version = "0.13.0"
source = "registry+https://github.com/rust-lang/crates.io-index"
checksum = "fb0ed45fdc32f9ab426238fba9407dfead7bacd7900c9b4dd3f396f46eafdae3"
dependencies = [
 "bitflags",
 "core-foundation 0.5.1",
 "foreign-types",
 "libc",
]

[[package]]
name = "crossbeam-deque"
version = "0.7.1"
source = "registry+https://github.com/rust-lang/crates.io-index"
checksum = "b18cd2e169ad86297e6bc0ad9aa679aee9daa4f19e8163860faf7c164e4f5a71"
dependencies = [
 "crossbeam-epoch",
 "crossbeam-utils",
]

[[package]]
name = "crossbeam-epoch"
version = "0.7.2"
source = "registry+https://github.com/rust-lang/crates.io-index"
checksum = "fedcd6772e37f3da2a9af9bf12ebe046c0dfe657992377b4df982a2b54cd37a9"
dependencies = [
 "arrayvec",
 "cfg-if",
 "crossbeam-utils",
 "lazy_static",
 "memoffset",
 "scopeguard",
]

[[package]]
name = "crossbeam-queue"
version = "0.1.2"
source = "registry+https://github.com/rust-lang/crates.io-index"
checksum = "7c979cd6cfe72335896575c6b5688da489e420d36a27a0b9eb0c73db574b4a4b"
dependencies = [
 "crossbeam-utils",
]

[[package]]
name = "crossbeam-utils"
version = "0.6.6"
source = "registry+https://github.com/rust-lang/crates.io-index"
checksum = "04973fa96e96579258a5091af6003abde64af786b860f18622b82e026cca60e6"
dependencies = [
 "cfg-if",
 "lazy_static",
]

[[package]]
name = "deflate"
version = "0.7.20"
source = "registry+https://github.com/rust-lang/crates.io-index"
checksum = "707b6a7b384888a70c8d2e8650b3e60170dfc6a67bb4aa67b6dfca57af4bedb4"
dependencies = [
 "adler32",
 "byteorder",
]

[[package]]
name = "derivative"
version = "1.0.3"
source = "registry+https://github.com/rust-lang/crates.io-index"
checksum = "942ca430eef7a3806595a6737bc388bf51adb888d3fc0dd1b50f1c170167ee3a"
dependencies = [
 "proc-macro2",
 "quote",
 "syn",
]

[[package]]
name = "dlib"
version = "0.4.1"
source = "registry+https://github.com/rust-lang/crates.io-index"
checksum = "77e51249a9d823a4cb79e3eca6dcd756153e8ed0157b6c04775d04bf1b13b76a"
dependencies = [
 "libloading",
]

[[package]]
name = "draw_state"
version = "0.8.0"
source = "registry+https://github.com/rust-lang/crates.io-index"
checksum = "33cf9537e2d06891448799b96d5a8c8083e0e90522a7fdabe6ebf4f41d79d651"
dependencies = [
 "bitflags",
]

[[package]]
name = "either"
version = "1.5.3"
source = "registry+https://github.com/rust-lang/crates.io-index"
checksum = "bb1f6b1ce1c140482ea30ddd3335fc0024ac7ee112895426e0a629a6c20adfe3"

[[package]]
name = "foreign-types"
version = "0.3.2"
source = "registry+https://github.com/rust-lang/crates.io-index"
checksum = "f6f339eb8adc052cd2ca78910fda869aefa38d22d5cb648e6485e4d3fc06f3b1"
dependencies = [
 "foreign-types-shared",
]

[[package]]
name = "foreign-types-shared"
version = "0.1.1"
source = "registry+https://github.com/rust-lang/crates.io-index"
checksum = "00b0228411908ca8685dba7fc2cdd70ec9990a6e753e89b6ac91a84c40fbaf4b"

[[package]]
name = "freetype-rs"
version = "0.19.1"
source = "registry+https://github.com/rust-lang/crates.io-index"
checksum = "28cc92a7040ee7b631e4279e263f9a83aedc1eb6085c68d8ca4d072b5644e705"
dependencies = [
 "bitflags",
 "freetype-sys",
 "libc",
]

[[package]]
name = "freetype-sys"
version = "0.7.1"
source = "registry+https://github.com/rust-lang/crates.io-index"
checksum = "0f9c8666cce7cf6e51a290623647febfbab92480b4c3e0f495cb9d4d312b5d38"
dependencies = [
 "libc",
 "libz-sys",
 "pkg-config",
]

[[package]]
name = "getrandom"
version = "0.1.12"
source = "registry+https://github.com/rust-lang/crates.io-index"
checksum = "473a1265acc8ff1e808cd0a1af8cee3c2ee5200916058a2ca113c29f2d903571"
dependencies = [
 "cfg-if",
 "libc",
 "wasi",
]

[[package]]
name = "gfx"
version = "0.17.1"
source = "registry+https://github.com/rust-lang/crates.io-index"
checksum = "7d7ce0c1f747245342a73453fdb098ea0764c430421fbc4d98cdc8ef8ede4834"
dependencies = [
 "derivative",
 "draw_state",
 "gfx_core",
 "log 0.4.8",
]

[[package]]
name = "gfx_core"
version = "0.8.3"
source = "registry+https://github.com/rust-lang/crates.io-index"
checksum = "c74932837e61f20956c3da1a47471513707dde300274812bba94373ab51830ae"
dependencies = [
 "bitflags",
 "derivative",
 "draw_state",
 "log 0.4.8",
]

[[package]]
name = "gfx_device_gl"
version = "0.15.5"
source = "registry+https://github.com/rust-lang/crates.io-index"
checksum = "def9cc76ab9ae3187a1ef5edb16c263fa7d713319ffa1d46e00c9d348081a982"
dependencies = [
 "gfx_core",
 "gfx_gl",
 "log 0.4.8",
]

[[package]]
name = "gfx_gl"
version = "0.5.0"
source = "registry+https://github.com/rust-lang/crates.io-index"
checksum = "3e8a920f8f6c1025a7ddf9dd25502bf059506fd3cd765dfbe8dba0b56b7eeecb"
dependencies = [
 "gl_generator 0.9.0",
]

[[package]]
name = "gfx_text"
version = "0.23.0"
source = "registry+https://github.com/rust-lang/crates.io-index"
checksum = "369bf0f4c0231313b16fb14266c34da8b32b51ab610b1c385408ce76ac64256f"
dependencies = [
 "freetype-rs",
 "gfx",
]

[[package]]
name = "gfx_window_glutin"
version = "0.20.0"
source = "registry+https://github.com/rust-lang/crates.io-index"
checksum = "73aec7a95849ce5f1de58d8fa032e4310d1e9f988f43ce2ab3ba8ea6430acd2b"
dependencies = [
 "gfx_core",
 "gfx_device_gl",
 "glutin",
]

[[package]]
name = "gif"
version = "0.10.3"
source = "registry+https://github.com/rust-lang/crates.io-index"
checksum = "471d90201b3b223f3451cd4ad53e34295f16a1df17b1edf3736d47761c3981af"
dependencies = [
 "color_quant",
 "lzw",
]

[[package]]
name = "gl_generator"
version = "0.8.0"
source = "registry+https://github.com/rust-lang/crates.io-index"
checksum = "4f5c19cde55637681450c92f7a05ea16c78e2b6d0587e601ec1ebdab6960854b"
dependencies = [
 "khronos_api 2.2.0",
 "log 0.3.9",
 "xml-rs 0.7.0",
]

[[package]]
name = "gl_generator"
version = "0.9.0"
source = "registry+https://github.com/rust-lang/crates.io-index"
checksum = "7a795170cbd85b5a7baa58d6d7525cae6a03e486859860c220f7ebbbdd379d0a"
dependencies = [
 "khronos_api 2.2.0",
 "log 0.4.8",
 "xml-rs 0.7.0",
]

[[package]]
name = "gl_generator"
version = "0.13.1"
source = "registry+https://github.com/rust-lang/crates.io-index"
checksum = "ca98bbde17256e02d17336a6bdb5a50f7d0ccacee502e191d3e3d0ec2f96f84a"
dependencies = [
 "khronos_api 3.1.0",
 "log 0.4.8",
 "xml-rs 0.8.0",
]

[[package]]
name = "gleam"
version = "0.6.19"
source = "registry+https://github.com/rust-lang/crates.io-index"
checksum = "cae10d7c99d0e77b4766e850a60898a17c1abaf01075531f1066f03dc7dc5fc5"
dependencies = [
 "gl_generator 0.13.1",
]

[[package]]
name = "glutin"
version = "0.12.2"
source = "registry+https://github.com/rust-lang/crates.io-index"
checksum = "247f825056c99961b6e6e0baef17ca586a50109ab4bba2b370babe1c5d702943"
dependencies = [
 "android_glue",
 "cgl",
 "cocoa 0.14.0",
 "core-foundation 0.5.1",
 "core-graphics 0.13.0",
 "gl_generator 0.8.0",
 "lazy_static",
 "libc",
 "objc",
 "osmesa-sys",
 "shared_library",
 "wayland-client",
 "winapi",
 "winit",
 "x11-dl",
]

[[package]]
name = "image"
version = "0.20.1"
source = "registry+https://github.com/rust-lang/crates.io-index"
checksum = "44665b4395d1844c96e7dc8ed5754782a1cdfd9ef458a80bbe45702681450504"
dependencies = [
 "byteorder",
 "gif",
 "jpeg-decoder",
 "lzw",
 "num-iter",
 "num-rational",
 "num-traits",
 "png",
 "scoped_threadpool",
 "tiff",
]

[[package]]
name = "inflate"
version = "0.4.5"
source = "registry+https://github.com/rust-lang/crates.io-index"
checksum = "1cdb29978cc5797bd8dcc8e5bf7de604891df2a8dc576973d71a281e916db2ff"
dependencies = [
 "adler32",
]

[[package]]
name = "jpeg-decoder"
version = "0.1.16"
source = "registry+https://github.com/rust-lang/crates.io-index"
checksum = "c1aae18ffeeae409c6622c3b6a7ee49792a7e5a062eea1b135fbb74e301792ba"
dependencies = [
 "byteorder",
 "rayon",
]

[[package]]
name = "khronos_api"
version = "2.2.0"
source = "registry+https://github.com/rust-lang/crates.io-index"
checksum = "037ab472c33f67b5fbd3e9163a2645319e5356fcd355efa6d4eb7fff4bbcb554"

[[package]]
name = "khronos_api"
version = "3.1.0"
source = "registry+https://github.com/rust-lang/crates.io-index"
checksum = "e2db585e1d738fc771bf08a151420d3ed193d9d895a36df7f6f8a9456b911ddc"

[[package]]
name = "lazy_static"
version = "1.4.0"
source = "registry+https://github.com/rust-lang/crates.io-index"
checksum = "e2abad23fbc42b3700f2f279844dc832adb2b2eb069b2df918f455c4e18cc646"

[[package]]
name = "libc"
version = "0.2.62"
source = "registry+https://github.com/rust-lang/crates.io-index"
checksum = "34fcd2c08d2f832f376f4173a231990fa5aef4e99fb569867318a227ef4c06ba"

[[package]]
name = "libloading"
version = "0.5.2"
source = "registry+https://github.com/rust-lang/crates.io-index"
checksum = "f2b111a074963af1d37a139918ac6d49ad1d0d5e47f72fd55388619691a7d753"
dependencies = [
 "cc",
 "winapi",
]

[[package]]
name = "libz-sys"
version = "1.0.25"
source = "registry+https://github.com/rust-lang/crates.io-index"
checksum = "2eb5e43362e38e2bca2fd5f5134c4d4564a23a5c28e9b95411652021a8675ebe"
dependencies = [
 "cc",
 "libc",
 "pkg-config",
 "vcpkg",
]

[[package]]
name = "log"
version = "0.3.9"
source = "registry+https://github.com/rust-lang/crates.io-index"
checksum = "e19e8d5c34a3e0e2223db8e060f9e8264aeeb5c5fc64a4ee9965c062211c024b"
dependencies = [
 "log 0.4.8",
]

[[package]]
name = "log"
version = "0.4.8"
source = "registry+https://github.com/rust-lang/crates.io-index"
checksum = "14b6052be84e6b71ab17edffc2eeabf5c2c3ae1fdb464aae35ac50c67a44e1f7"
dependencies = [
 "cfg-if",
]

[[package]]
name = "lzw"
version = "0.10.0"
source = "registry+https://github.com/rust-lang/crates.io-index"
checksum = "7d947cbb889ed21c2a84be6ffbaebf5b4e0f4340638cba0444907e38b56be084"

[[package]]
name = "malloc_buf"
version = "0.0.6"
source = "registry+https://github.com/rust-lang/crates.io-index"
checksum = "62bb907fe88d54d8d9ce32a3cceab4218ed2f6b7d35617cafe9adf84e43919cb"
dependencies = [
 "libc",
]

[[package]]
name = "maybe-uninit"
version = "2.0.0"
source = "registry+https://github.com/rust-lang/crates.io-index"
checksum = "60302e4db3a61da70c0cb7991976248362f30319e88850c487b9b95bbf059e00"

[[package]]
name = "memmap"
version = "0.6.2"
source = "registry+https://github.com/rust-lang/crates.io-index"
checksum = "e2ffa2c986de11a9df78620c01eeaaf27d94d3ff02bf81bfcca953102dd0c6ff"
dependencies = [
 "libc",
 "winapi",
]

[[package]]
name = "memoffset"
version = "0.5.1"
source = "registry+https://github.com/rust-lang/crates.io-index"
checksum = "ce6075db033bbbb7ee5a0bbd3a3186bbae616f57fb001c485c7ff77955f8177f"
dependencies = [
 "rustc_version",
]

[[package]]
name = "nodrop"
version = "0.1.13"
source = "registry+https://github.com/rust-lang/crates.io-index"
checksum = "2f9667ddcc6cc8a43afc9b7917599d7216aa09c463919ea32c59ed6cac8bc945"

[[package]]
name = "num-derive"
version = "0.2.5"
source = "registry+https://github.com/rust-lang/crates.io-index"
checksum = "eafd0b45c5537c3ba526f79d3e75120036502bebacbb3f3220914067ce39dbf2"
dependencies = [
 "proc-macro2",
 "quote",
 "syn",
]

[[package]]
name = "num-integer"
version = "0.1.41"
source = "registry+https://github.com/rust-lang/crates.io-index"
checksum = "b85e541ef8255f6cf42bbfe4ef361305c6c135d10919ecc26126c4e5ae94bc09"
dependencies = [
 "autocfg",
 "num-traits",
]

[[package]]
name = "num-iter"
version = "0.1.39"
source = "registry+https://github.com/rust-lang/crates.io-index"
checksum = "76bd5272412d173d6bf9afdf98db8612bbabc9a7a830b7bfc9c188911716132e"
dependencies = [
 "autocfg",
 "num-integer",
 "num-traits",
]

[[package]]
name = "num-rational"
version = "0.2.2"
source = "registry+https://github.com/rust-lang/crates.io-index"
checksum = "f2885278d5fe2adc2f75ced642d52d879bffaceb5a2e0b1d4309ffdfb239b454"
dependencies = [
 "autocfg",
 "num-integer",
 "num-traits",
]

[[package]]
name = "num-traits"
version = "0.2.8"
source = "registry+https://github.com/rust-lang/crates.io-index"
checksum = "6ba9a427cfca2be13aa6f6403b0b7e7368fe982bfa16fccc450ce74c46cd9b32"
dependencies = [
 "autocfg",
]

[[package]]
name = "num_cpus"
version = "1.10.1"
source = "registry+https://github.com/rust-lang/crates.io-index"
checksum = "bcef43580c035376c0705c42792c294b66974abbfd2789b511784023f71f3273"
dependencies = [
 "libc",
]

[[package]]
name = "objc"
version = "0.2.6"
source = "registry+https://github.com/rust-lang/crates.io-index"
checksum = "31d20fd2b37e07cf5125be68357b588672e8cefe9a96f8c17a9d46053b3e590d"
dependencies = [
 "malloc_buf",
]

[[package]]
name = "osmesa-sys"
version = "0.1.2"
source = "registry+https://github.com/rust-lang/crates.io-index"
checksum = "88cfece6e95d2e717e0872a7f53a8684712ad13822a7979bc760b9c77ec0013b"
dependencies = [
 "shared_library",
]

[[package]]
name = "percent-encoding"
version = "1.0.1"
source = "registry+https://github.com/rust-lang/crates.io-index"
checksum = "31010dd2e1ac33d5b46a5b413495239882813e0369f8ed8a5e266f173602f831"

[[package]]
name = "pixelpwnr-render"
version = "0.1.0"
dependencies = [
 "gfx",
 "gfx_device_gl",
 "gfx_text",
 "gfx_window_glutin",
 "glutin",
 "image",
 "lazy_static",
]

[[package]]
name = "pkg-config"
version = "0.3.16"
source = "registry+https://github.com/rust-lang/crates.io-index"
checksum = "72d5370d90f49f70bd033c3d75e87fc529fbfff9d6f7cccef07d6170079d91ea"

[[package]]
name = "png"
version = "0.12.0"
source = "registry+https://github.com/rust-lang/crates.io-index"
checksum = "f54b9600d584d3b8a739e1662a595fab051329eff43f20e7d8cc22872962145b"
dependencies = [
 "bitflags",
 "deflate",
 "inflate",
 "num-iter",
]

[[package]]
name = "ppv-lite86"
version = "0.2.5"
source = "registry+https://github.com/rust-lang/crates.io-index"
checksum = "e3cbf9f658cdb5000fcf6f362b8ea2ba154b9f146a61c7a20d647034c6b6561b"

[[package]]
name = "proc-macro2"
version = "0.4.30"
source = "registry+https://github.com/rust-lang/crates.io-index"
checksum = "cf3d2011ab5c909338f7887f4fc896d35932e29146c12c8d01da6b22a80ba759"
dependencies = [
 "unicode-xid",
]

[[package]]
name = "quote"
version = "0.6.13"
source = "registry+https://github.com/rust-lang/crates.io-index"
checksum = "6ce23b6b870e8f94f81fb0a363d65d86675884b34a09043c81e5562f11c1f8e1"
dependencies = [
 "proc-macro2",
]

[[package]]
name = "rand"
version = "0.7.2"
source = "registry+https://github.com/rust-lang/crates.io-index"
checksum = "3ae1b169243eaf61759b8475a998f0a385e42042370f3a7dbaf35246eacc8412"
dependencies = [
 "getrandom",
 "libc",
 "rand_chacha",
 "rand_core",
 "rand_hc",
]

[[package]]
name = "rand_chacha"
version = "0.2.1"
source = "registry+https://github.com/rust-lang/crates.io-index"
checksum = "03a2a90da8c7523f554344f921aa97283eadf6ac484a6d2a7d0212fa7f8d6853"
dependencies = [
 "c2-chacha",
 "rand_core",
]

[[package]]
name = "rand_core"
version = "0.5.1"
source = "registry+https://github.com/rust-lang/crates.io-index"
checksum = "90bde5296fc891b0cef12a6d03ddccc162ce7b2aff54160af9338f8d40df6d19"
dependencies = [
 "getrandom",
]

[[package]]
name = "rand_hc"
version = "0.2.0"
source = "registry+https://github.com/rust-lang/crates.io-index"
checksum = "ca3129af7b92a17112d59ad498c6f81eaf463253766b90396d39ea7a39d6613c"
dependencies = [
 "rand_core",
]

[[package]]
name = "rayon"
version = "1.2.0"
source = "registry+https://github.com/rust-lang/crates.io-index"
checksum = "83a27732a533a1be0a0035a111fe76db89ad312f6f0347004c220c57f209a123"
dependencies = [
 "crossbeam-deque",
 "either",
 "rayon-core",
]

[[package]]
name = "rayon-core"
version = "1.6.0"
source = "registry+https://github.com/rust-lang/crates.io-index"
checksum = "98dcf634205083b17d0861252431eb2acbfb698ab7478a2d20de07954f47ec7b"
dependencies = [
 "crossbeam-deque",
 "crossbeam-queue",
 "crossbeam-utils",
 "lazy_static",
 "num_cpus",
]

[[package]]
name = "redox_syscall"
version = "0.1.56"
source = "registry+https://github.com/rust-lang/crates.io-index"
checksum = "2439c63f3f6139d1b57529d16bc3b8bb855230c8efcc5d3a896c8bea7c3b1e84"

[[package]]
name = "remove_dir_all"
version = "0.5.2"
source = "registry+https://github.com/rust-lang/crates.io-index"
checksum = "4a83fa3702a688b9359eccba92d153ac33fd2e8462f9e0e3fdf155239ea7792e"
dependencies = [
 "winapi",
]

[[package]]
name = "rustc_version"
version = "0.2.3"
source = "registry+https://github.com/rust-lang/crates.io-index"
checksum = "138e3e0acb6c9fb258b19b67cb8abd63c00679d2851805ea151465464fe9030a"
dependencies = [
 "semver",
]

[[package]]
name = "scoped_threadpool"
version = "0.1.9"
source = "registry+https://github.com/rust-lang/crates.io-index"
checksum = "1d51f5df5af43ab3f1360b429fa5e0152ac5ce8c0bd6485cae490332e96846a8"

[[package]]
name = "scopeguard"
version = "1.0.0"
source = "registry+https://github.com/rust-lang/crates.io-index"
checksum = "b42e15e59b18a828bbf5c58ea01debb36b9b096346de35d941dcb89009f24a0d"

[[package]]
name = "semver"
version = "0.9.0"
source = "registry+https://github.com/rust-lang/crates.io-index"
checksum = "1d7eb9ef2c18661902cc47e535f9bc51b78acd254da71d375c2f6720d9a40403"
dependencies = [
 "semver-parser",
]

[[package]]
name = "semver-parser"
version = "0.7.0"
source = "registry+https://github.com/rust-lang/crates.io-index"
checksum = "388a1df253eca08550bef6c72392cfe7c30914bf41df5269b68cbd6ff8f570a3"

[[package]]
name = "shared_library"
version = "0.1.9"
source = "registry+https://github.com/rust-lang/crates.io-index"
checksum = "5a9e7e0f2bfae24d8a5b5a66c5b257a83c7412304311512a0c054cd5e619da11"
dependencies = [
 "lazy_static",
 "libc",
]

[[package]]
name = "syn"
version = "0.15.44"
source = "registry+https://github.com/rust-lang/crates.io-index"
checksum = "9ca4b3b69a77cbe1ffc9e198781b7acb0c7365a883670e8f1c1bc66fba79a5c5"
dependencies = [
 "proc-macro2",
 "quote",
 "unicode-xid",
]

[[package]]
name = "tempfile"
version = "3.1.0"
source = "registry+https://github.com/rust-lang/crates.io-index"
checksum = "7a6e24d9338a0a5be79593e2fa15a648add6138caa803e2d5bc782c371732ca9"
dependencies = [
 "cfg-if",
 "libc",
 "rand",
 "redox_syscall",
 "remove_dir_all",
 "winapi",
]

[[package]]
name = "tiff"
version = "0.2.2"
source = "registry+https://github.com/rust-lang/crates.io-index"
checksum = "1e4834f28a0330cb9f3f2c87d2649dca723cb33802e2bdcf18da32759fbec7ce"
dependencies = [
 "byteorder",
 "lzw",
 "num-derive",
 "num-traits",
]

[[package]]
name = "token_store"
version = "0.1.2"
source = "registry+https://github.com/rust-lang/crates.io-index"
checksum = "a686838375fc11103b9c1529c6508320b7bd5e2401cd62831ca51b3e82e61849"

[[package]]
name = "unicode-xid"
version = "0.1.0"
source = "registry+https://github.com/rust-lang/crates.io-index"
checksum = "fc72304796d0818e357ead4e000d19c9c174ab23dc11093ac919054d20a6a7fc"

[[package]]
name = "vcpkg"
version = "0.2.7"
source = "registry+https://github.com/rust-lang/crates.io-index"
checksum = "33dd455d0f96e90a75803cfeb7f948768c08d70a6de9a8d2362461935698bf95"

[[package]]
name = "wasi"
version = "0.7.0"
source = "registry+https://github.com/rust-lang/crates.io-index"
checksum = "b89c3ce4ce14bdc6fb6beaf9ec7928ca331de5df7e5ea278375642a2f478570d"

[[package]]
name = "wayland-client"
version = "0.12.5"
source = "registry+https://github.com/rust-lang/crates.io-index"
checksum = "2b90adf943117ee4930d7944fe103dcb6f36ba05421f46521cb5adbf6bf0fbc8"
dependencies = [
 "bitflags",
 "libc",
 "token_store",
 "wayland-scanner",
 "wayland-sys",
]

[[package]]
name = "wayland-kbd"
version = "0.13.1"
source = "registry+https://github.com/rust-lang/crates.io-index"
checksum = "4fe0fb1c9917da9529d781659e456d84a693d74fe873d1658109758444616f76"
dependencies = [
 "bitflags",
 "dlib",
 "lazy_static",
 "memmap",
 "wayland-client",
]

[[package]]
name = "wayland-protocols"
version = "0.12.5"
source = "registry+https://github.com/rust-lang/crates.io-index"
checksum = "fb5942dd2fc79d934db437c9ea3aabffceb49b546046ea453bcba531005e5537"
dependencies = [
 "bitflags",
 "wayland-client",
 "wayland-scanner",
 "wayland-sys",
]

[[package]]
name = "wayland-scanner"
version = "0.12.5"
source = "registry+https://github.com/rust-lang/crates.io-index"
checksum = "dcffa55a621e6f2c3d436de64d840fc325e1d0a467b92ee5e7292e17552e08ad"
dependencies = [
 "xml-rs 0.7.0",
]

[[package]]
name = "wayland-sys"
version = "0.12.5"
source = "registry+https://github.com/rust-lang/crates.io-index"
checksum = "377a2f83063c463e801ca10ae8cb9666e6e597eecac0049ac36cc7b9a83b0db3"
dependencies = [
 "dlib",
 "lazy_static",
]

[[package]]
name = "wayland-window"
version = "0.13.3"
source = "registry+https://github.com/rust-lang/crates.io-index"
checksum = "e5bf431e84f0de9cd06a30b2fb9ab9458f449cb6c36277da703e979ad5c141b1"
dependencies = [
 "memmap",
 "tempfile",
 "wayland-client",
 "wayland-protocols",
]

[[package]]
name = "winapi"
version = "0.3.8"
source = "registry+https://github.com/rust-lang/crates.io-index"
checksum = "8093091eeb260906a183e6ae1abdba2ef5ef2257a21801128899c3fc699229c6"
dependencies = [
 "winapi-i686-pc-windows-gnu",
 "winapi-x86_64-pc-windows-gnu",
]

[[package]]
name = "winapi-i686-pc-windows-gnu"
version = "0.4.0"
source = "registry+https://github.com/rust-lang/crates.io-index"
checksum = "ac3b87c63620426dd9b991e5ce0329eff545bccbbb34f3be09ff6fb6ab51b7b6"

[[package]]
name = "winapi-x86_64-pc-windows-gnu"
version = "0.4.0"
source = "registry+https://github.com/rust-lang/crates.io-index"
checksum = "712e227841d057c1ee1cd2fb22fa7e5a5461ae8e48fa2ca79ec42cfc1931183f"

[[package]]
name = "winit"
version = "0.10.0"
source = "registry+https://github.com/rust-lang/crates.io-index"
checksum = "491e1305250e728fd9b8ef86ecef4e17a3293e87e51c7bc31e7a3913ec957d37"
dependencies = [
 "android_glue",
 "cocoa 0.13.0",
 "core-foundation 0.4.6",
 "core-graphics 0.12.4",
 "lazy_static",
 "libc",
 "objc",
 "percent-encoding",
 "wayland-client",
 "wayland-kbd",
 "wayland-protocols",
 "wayland-window",
 "winapi",
 "x11-dl",
]

[[package]]
name = "x11-dl"
version = "2.18.4"
source = "registry+https://github.com/rust-lang/crates.io-index"
checksum = "be65e1342a3baae65439cd03306778831a3d133b0d20243a7fb83fd5cf403c58"
dependencies = [
 "lazy_static",
 "libc",
 "maybe-uninit",
 "pkg-config",
]

[[package]]
name = "xml-rs"
version = "0.7.0"
source = "registry+https://github.com/rust-lang/crates.io-index"
checksum = "3c1cb601d29fe2c2ac60a2b2e5e293994d87a1f6fa9687a31a15270f909be9c2"
dependencies = [
 "bitflags",
]

[[package]]
name = "xml-rs"
version = "0.8.0"
source = "registry+https://github.com/rust-lang/crates.io-index"
checksum = "541b12c998c5b56aa2b4e6f18f03664eef9a4fd0a246a55594efae6cc2d964b5"
